
Microsoft Visual Studio Solution File, Format Version 12.00
# Visual Studio Version 17
VisualStudioVersion = 17.11.35017.193
MinimumVisualStudioVersion = 10.0.40219.1
Project("{FAE04EC0-301F-11D3-BF4B-00C04F79EFBC}") = "AutoVisorSharp", "AutoVisorSharp\AutoVisorSharp.csproj", "{93BC0FCF-CE19-42CC-B5F2-A0FA61634520}"
EndProject
Global
	GlobalSection(SolutionConfigurationPlatforms) = preSolution
		Debug|Any CPU = Debug|Any CPU
		Release|Any CPU = Release|Any CPU
	EndGlobalSection
	GlobalSection(ProjectConfigurationPlatforms) = postSolution
		{93BC0FCF-CE19-42CC-B5F2-A0FA61634520}.Debug|Any CPU.ActiveCfg = Debug|Any CPU
		{93BC0FCF-CE19-42CC-B5F2-A0FA61634520}.Debug|Any CPU.Build.0 = Debug|Any CPU
		{93BC0FCF-CE19-42CC-B5F2-A0FA61634520}.Release|Any CPU.ActiveCfg = Release|Any CPU
		{93BC0FCF-CE19-42CC-B5F2-A0FA61634520}.Release|Any CPU.Build.0 = Release|Any CPU
	EndGlobalSection
	GlobalSection(SolutionProperties) = preSolution
		HideSolutionNode = FALSE
	EndGlobalSection
	GlobalSection(ExtensibilityGlobals) = postSolution
		SolutionGuid = {68CFE6C4-E202-49B2-9055-400334BC6608}
	EndGlobalSection
EndGlobal
